// !$*UTF8*$!
{
	archiveVersion = 1;
	classes = {
	};
	objectVersion = 56;
	objects = {

/* Begin PBXBuildFile section */
		193131912C409301007323EE /* MangaHubApp.swift in Sources */ = {isa = PBXBuildFile; fileRef = 193131902C409301007323EE /* MangaHubApp.swift */; };
		193131952C409302007323EE /* Assets.xcassets in Resources */ = {isa = PBXBuildFile; fileRef = 193131942C409302007323EE /* Assets.xcassets */; };
		193131982C409302007323EE /* Preview Assets.xcassets in Resources */ = {isa = PBXBuildFile; fileRef = 193131972C409302007323EE /* Preview Assets.xcassets */; };
		193131A92C4093DE007323EE /* MangaPreview.swift in Sources */ = {isa = PBXBuildFile; fileRef = 193131A82C4093DD007323EE /* MangaPreview.swift */; };
		193131AB2C4093F4007323EE /* PreviewInteractor.swift in Sources */ = {isa = PBXBuildFile; fileRef = 193131AA2C4093F4007323EE /* PreviewInteractor.swift */; };
		193131AD2C409477007323EE /* MangasPreview.json in Resources */ = {isa = PBXBuildFile; fileRef = 193131AC2C409477007323EE /* MangasPreview.json */; };
		193131AF2C40950F007323EE /* DataFormatter.swift in Sources */ = {isa = PBXBuildFile; fileRef = 193131AE2C40950F007323EE /* DataFormatter.swift */; };
		193131B12C40951D007323EE /* MangaButtons.swift in Sources */ = {isa = PBXBuildFile; fileRef = 193131B02C40951D007323EE /* MangaButtons.swift */; };
		193131B32C40952C007323EE /* MangaColors.swift in Sources */ = {isa = PBXBuildFile; fileRef = 193131B22C40952C007323EE /* MangaColors.swift */; };
		193131B52C409542007323EE /* MangaModelDTO.swift in Sources */ = {isa = PBXBuildFile; fileRef = 193131B42C409542007323EE /* MangaModelDTO.swift */; };
		193131B72C40954B007323EE /* Manga.swift in Sources */ = {isa = PBXBuildFile; fileRef = 193131B62C40954B007323EE /* Manga.swift */; };
		193131BB2C409574007323EE /* NetworkInteractor.swift in Sources */ = {isa = PBXBuildFile; fileRef = 193131BA2C409574007323EE /* NetworkInteractor.swift */; };
		193131BD2C409587007323EE /* PersistenceInteractor.swift in Sources */ = {isa = PBXBuildFile; fileRef = 193131BC2C409587007323EE /* PersistenceInteractor.swift */; };
		193131BF2C4095A1007323EE /* URL's.swift in Sources */ = {isa = PBXBuildFile; fileRef = 193131BE2C4095A1007323EE /* URL's.swift */; };
		193131C12C4095AE007323EE /* JsonDecoder.swift in Sources */ = {isa = PBXBuildFile; fileRef = 193131C02C4095AE007323EE /* JsonDecoder.swift */; };
		193131C32C4095BA007323EE /* URLQueryItem.swift in Sources */ = {isa = PBXBuildFile; fileRef = 193131C22C4095BA007323EE /* URLQueryItem.swift */; };
		193131C52C4095D8007323EE /* ListViewModel.swift in Sources */ = {isa = PBXBuildFile; fileRef = 193131C42C4095D8007323EE /* ListViewModel.swift */; };
		193131C72C4095E8007323EE /* DetailViewModel.swift in Sources */ = {isa = PBXBuildFile; fileRef = 193131C62C4095E8007323EE /* DetailViewModel.swift */; };
		193131C92C409603007323EE /* CategoriesViewModel.swift in Sources */ = {isa = PBXBuildFile; fileRef = 193131C82C409603007323EE /* CategoriesViewModel.swift */; };
		193131CB2C40961D007323EE /* ListFavoritesViewModel.swift in Sources */ = {isa = PBXBuildFile; fileRef = 193131CA2C40961D007323EE /* ListFavoritesViewModel.swift */; };
		193131CD2C40962E007323EE /* DetailFavoriteViewModel.swift in Sources */ = {isa = PBXBuildFile; fileRef = 193131CC2C40962E007323EE /* DetailFavoriteViewModel.swift */; };
		193131D42C4096F7007323EE /* MangaCellView.swift in Sources */ = {isa = PBXBuildFile; fileRef = 193131D32C4096F7007323EE /* MangaCellView.swift */; };
		193131D62C40970A007323EE /* MangaPosterView.swift in Sources */ = {isa = PBXBuildFile; fileRef = 193131D52C40970A007323EE /* MangaPosterView.swift */; };
		193131D82C40971C007323EE /* MangaScoreView.swift in Sources */ = {isa = PBXBuildFile; fileRef = 193131D72C40971C007323EE /* MangaScoreView.swift */; };
		193131DA2C409730007323EE /* LaunchScreenView.swift in Sources */ = {isa = PBXBuildFile; fileRef = 193131D92C409730007323EE /* LaunchScreenView.swift */; };
		193131E42C40980F007323EE /* FavoriteMangasListView.swift in Sources */ = {isa = PBXBuildFile; fileRef = 193131E32C40980F007323EE /* FavoriteMangasListView.swift */; };
		193131E62C409820007323EE /* FavoriteMangaDetailView.swift in Sources */ = {isa = PBXBuildFile; fileRef = 193131E52C409820007323EE /* FavoriteMangaDetailView.swift */; };
		193131E82C409833007323EE /* PurchasedVolumesView.swift in Sources */ = {isa = PBXBuildFile; fileRef = 193131E72C409833007323EE /* PurchasedVolumesView.swift */; };
		193131EA2C40986F007323EE /* CategoriesListView.swift in Sources */ = {isa = PBXBuildFile; fileRef = 193131E92C40986F007323EE /* CategoriesListView.swift */; };
		193131EC2C40987E007323EE /* MangasByCategoryView.swift in Sources */ = {isa = PBXBuildFile; fileRef = 193131EB2C40987E007323EE /* MangasByCategoryView.swift */; };
		193131EE2C409897007323EE /* MangasListView.swift in Sources */ = {isa = PBXBuildFile; fileRef = 193131ED2C409897007323EE /* MangasListView.swift */; };
		193131F02C4098A5007323EE /* MangaDetailView.swift in Sources */ = {isa = PBXBuildFile; fileRef = 193131EF2C4098A5007323EE /* MangaDetailView.swift */; };
		193131F32C4098C7007323EE /* MangasByAuthorView.swift in Sources */ = {isa = PBXBuildFile; fileRef = 193131F22C4098C7007323EE /* MangasByAuthorView.swift */; };
		193131F72C409CE0007323EE /* MainTabItemView.swift in Sources */ = {isa = PBXBuildFile; fileRef = 193131F62C409CE0007323EE /* MainTabItemView.swift */; };
		1941DB732C4C2874001C81F0 /* DetailsSectionView.swift in Sources */ = {isa = PBXBuildFile; fileRef = 1941DB722C4C2874001C81F0 /* DetailsSectionView.swift */; };
		1954FD5F2C488DF3000E8DE0 /* FilterDetailView.swift in Sources */ = {isa = PBXBuildFile; fileRef = 1954FD5E2C488DF3000E8DE0 /* FilterDetailView.swift */; };
		1954FD652C49FB0A000E8DE0 /* CustomGaugeView.swift in Sources */ = {isa = PBXBuildFile; fileRef = 1954FD642C49FB0A000E8DE0 /* CustomGaugeView.swift */; };
		195C892D2C42E3370063BB9B /* OnboardingView.swift in Sources */ = {isa = PBXBuildFile; fileRef = 195C892C2C42E3370063BB9B /* OnboardingView.swift */; };
		19BDF9202C45A4FE00EFA3AB /* MangaUnavailableView.swift in Sources */ = {isa = PBXBuildFile; fileRef = 19BDF91F2C45A4FE00EFA3AB /* MangaUnavailableView.swift */; };
		19BDF9242C45EFEA00EFA3AB /* Page.swift in Sources */ = {isa = PBXBuildFile; fileRef = 19BDF9232C45EFEA00EFA3AB /* Page.swift */; };
		19BDF9262C45F00900EFA3AB /* PageView.swift in Sources */ = {isa = PBXBuildFile; fileRef = 19BDF9252C45F00900EFA3AB /* PageView.swift */; };
/* End PBXBuildFile section */

/* Begin PBXFileReference section */
		1931318D2C409301007323EE /* MangaHub.app */ = {isa = PBXFileReference; explicitFileType = wrapper.application; includeInIndex = 0; path = MangaHub.app; sourceTree = BUILT_PRODUCTS_DIR; };
		193131902C409301007323EE /* MangaHubApp.swift */ = {isa = PBXFileReference; lastKnownFileType = sourcecode.swift; path = MangaHubApp.swift; sourceTree = "<group>"; };
		193131942C409302007323EE /* Assets.xcassets */ = {isa = PBXFileReference; lastKnownFileType = folder.assetcatalog; path = Assets.xcassets; sourceTree = "<group>"; };
		193131972C409302007323EE /* Preview Assets.xcassets */ = {isa = PBXFileReference; lastKnownFileType = folder.assetcatalog; path = "Preview Assets.xcassets"; sourceTree = "<group>"; };
		193131A82C4093DD007323EE /* MangaPreview.swift */ = {isa = PBXFileReference; lastKnownFileType = sourcecode.swift; path = MangaPreview.swift; sourceTree = "<group>"; };
		193131AA2C4093F4007323EE /* PreviewInteractor.swift */ = {isa = PBXFileReference; lastKnownFileType = sourcecode.swift; path = PreviewInteractor.swift; sourceTree = "<group>"; };
		193131AC2C409477007323EE /* MangasPreview.json */ = {isa = PBXFileReference; fileEncoding = 4; lastKnownFileType = text.json; path = MangasPreview.json; sourceTree = "<group>"; };
		193131AE2C40950F007323EE /* DataFormatter.swift */ = {isa = PBXFileReference; lastKnownFileType = sourcecode.swift; path = DataFormatter.swift; sourceTree = "<group>"; };
		193131B02C40951D007323EE /* MangaButtons.swift */ = {isa = PBXFileReference; lastKnownFileType = sourcecode.swift; path = MangaButtons.swift; sourceTree = "<group>"; };
		193131B22C40952C007323EE /* MangaColors.swift */ = {isa = PBXFileReference; lastKnownFileType = sourcecode.swift; path = MangaColors.swift; sourceTree = "<group>"; };
		193131B42C409542007323EE /* MangaModelDTO.swift */ = {isa = PBXFileReference; lastKnownFileType = sourcecode.swift; path = MangaModelDTO.swift; sourceTree = "<group>"; };
		193131B62C40954B007323EE /* Manga.swift */ = {isa = PBXFileReference; lastKnownFileType = sourcecode.swift; path = Manga.swift; sourceTree = "<group>"; };
		193131BA2C409574007323EE /* NetworkInteractor.swift */ = {isa = PBXFileReference; lastKnownFileType = sourcecode.swift; path = NetworkInteractor.swift; sourceTree = "<group>"; };
		193131BC2C409587007323EE /* PersistenceInteractor.swift */ = {isa = PBXFileReference; lastKnownFileType = sourcecode.swift; path = PersistenceInteractor.swift; sourceTree = "<group>"; };
		193131BE2C4095A1007323EE /* URL's.swift */ = {isa = PBXFileReference; lastKnownFileType = sourcecode.swift; path = "URL's.swift"; sourceTree = "<group>"; };
		193131C02C4095AE007323EE /* JsonDecoder.swift */ = {isa = PBXFileReference; lastKnownFileType = sourcecode.swift; path = JsonDecoder.swift; sourceTree = "<group>"; };
		193131C22C4095BA007323EE /* URLQueryItem.swift */ = {isa = PBXFileReference; lastKnownFileType = sourcecode.swift; path = URLQueryItem.swift; sourceTree = "<group>"; };
		193131C42C4095D8007323EE /* ListViewModel.swift */ = {isa = PBXFileReference; lastKnownFileType = sourcecode.swift; path = ListViewModel.swift; sourceTree = "<group>"; };
		193131C62C4095E8007323EE /* DetailViewModel.swift */ = {isa = PBXFileReference; lastKnownFileType = sourcecode.swift; path = DetailViewModel.swift; sourceTree = "<group>"; };
		193131C82C409603007323EE /* CategoriesViewModel.swift */ = {isa = PBXFileReference; lastKnownFileType = sourcecode.swift; path = CategoriesViewModel.swift; sourceTree = "<group>"; };
		193131CA2C40961D007323EE /* ListFavoritesViewModel.swift */ = {isa = PBXFileReference; lastKnownFileType = sourcecode.swift; path = ListFavoritesViewModel.swift; sourceTree = "<group>"; };
		193131CC2C40962E007323EE /* DetailFavoriteViewModel.swift */ = {isa = PBXFileReference; lastKnownFileType = sourcecode.swift; path = DetailFavoriteViewModel.swift; sourceTree = "<group>"; };
		193131D32C4096F7007323EE /* MangaCellView.swift */ = {isa = PBXFileReference; lastKnownFileType = sourcecode.swift; path = MangaCellView.swift; sourceTree = "<group>"; };
		193131D52C40970A007323EE /* MangaPosterView.swift */ = {isa = PBXFileReference; lastKnownFileType = sourcecode.swift; path = MangaPosterView.swift; sourceTree = "<group>"; };
		193131D72C40971C007323EE /* MangaScoreView.swift */ = {isa = PBXFileReference; lastKnownFileType = sourcecode.swift; path = MangaScoreView.swift; sourceTree = "<group>"; };
		193131D92C409730007323EE /* LaunchScreenView.swift */ = {isa = PBXFileReference; lastKnownFileType = sourcecode.swift; path = LaunchScreenView.swift; sourceTree = "<group>"; };
		193131E32C40980F007323EE /* FavoriteMangasListView.swift */ = {isa = PBXFileReference; lastKnownFileType = sourcecode.swift; path = FavoriteMangasListView.swift; sourceTree = "<group>"; };
		193131E52C409820007323EE /* FavoriteMangaDetailView.swift */ = {isa = PBXFileReference; lastKnownFileType = sourcecode.swift; path = FavoriteMangaDetailView.swift; sourceTree = "<group>"; };
		193131E72C409833007323EE /* PurchasedVolumesView.swift */ = {isa = PBXFileReference; lastKnownFileType = sourcecode.swift; path = PurchasedVolumesView.swift; sourceTree = "<group>"; };
		193131E92C40986F007323EE /* CategoriesListView.swift */ = {isa = PBXFileReference; lastKnownFileType = sourcecode.swift; path = CategoriesListView.swift; sourceTree = "<group>"; };
		193131EB2C40987E007323EE /* MangasByCategoryView.swift */ = {isa = PBXFileReference; lastKnownFileType = sourcecode.swift; path = MangasByCategoryView.swift; sourceTree = "<group>"; };
		193131ED2C409897007323EE /* MangasListView.swift */ = {isa = PBXFileReference; lastKnownFileType = sourcecode.swift; path = MangasListView.swift; sourceTree = "<group>"; };
		193131EF2C4098A5007323EE /* MangaDetailView.swift */ = {isa = PBXFileReference; lastKnownFileType = sourcecode.swift; path = MangaDetailView.swift; sourceTree = "<group>"; };
		193131F22C4098C7007323EE /* MangasByAuthorView.swift */ = {isa = PBXFileReference; lastKnownFileType = sourcecode.swift; path = MangasByAuthorView.swift; sourceTree = "<group>"; };
		193131F62C409CE0007323EE /* MainTabItemView.swift */ = {isa = PBXFileReference; lastKnownFileType = sourcecode.swift; path = MainTabItemView.swift; sourceTree = "<group>"; };
		1941DB722C4C2874001C81F0 /* DetailsSectionView.swift */ = {isa = PBXFileReference; lastKnownFileType = sourcecode.swift; path = DetailsSectionView.swift; sourceTree = "<group>"; };
		1954FD5E2C488DF3000E8DE0 /* FilterDetailView.swift */ = {isa = PBXFileReference; lastKnownFileType = sourcecode.swift; path = FilterDetailView.swift; sourceTree = "<group>"; };
		1954FD642C49FB0A000E8DE0 /* CustomGaugeView.swift */ = {isa = PBXFileReference; lastKnownFileType = sourcecode.swift; path = CustomGaugeView.swift; sourceTree = "<group>"; };
		195C892C2C42E3370063BB9B /* OnboardingView.swift */ = {isa = PBXFileReference; lastKnownFileType = sourcecode.swift; path = OnboardingView.swift; sourceTree = "<group>"; };
		19BDF91F2C45A4FE00EFA3AB /* MangaUnavailableView.swift */ = {isa = PBXFileReference; lastKnownFileType = sourcecode.swift; path = MangaUnavailableView.swift; sourceTree = "<group>"; };
		19BDF9232C45EFEA00EFA3AB /* Page.swift */ = {isa = PBXFileReference; lastKnownFileType = sourcecode.swift; path = Page.swift; sourceTree = "<group>"; };
		19BDF9252C45F00900EFA3AB /* PageView.swift */ = {isa = PBXFileReference; lastKnownFileType = sourcecode.swift; path = PageView.swift; sourceTree = "<group>"; };
/* End PBXFileReference section */

/* Begin PBXFrameworksBuildPhase section */
		1931318A2C409301007323EE /* Frameworks */ = {
			isa = PBXFrameworksBuildPhase;
			buildActionMask = 2147483647;
			files = (
			);
			runOnlyForDeploymentPostprocessing = 0;
		};
/* End PBXFrameworksBuildPhase section */

/* Begin PBXGroup section */
		193131842C409301007323EE = {
			isa = PBXGroup;
			children = (
				1931318F2C409301007323EE /* MangaHub */,
				1931318E2C409301007323EE /* Products */,
			);
			sourceTree = "<group>";
		};
		1931318E2C409301007323EE /* Products */ = {
			isa = PBXGroup;
			children = (
				1931318D2C409301007323EE /* MangaHub.app */,
			);
			name = Products;
			sourceTree = "<group>";
		};
		1931318F2C409301007323EE /* MangaHub */ = {
			isa = PBXGroup;
			children = (
				193131A52C4093A6007323EE /* System */,
				193131A42C4093A4007323EE /* Views */,
				193131A32C4093A1007323EE /* ViewModels */,
				193131A22C40939D007323EE /* Interactors */,
				193131A12C409395007323EE /* Model */,
				1931319F2C409390007323EE /* Extensions */,
				1931319E2C40938B007323EE /* Resources */,
				193131962C409302007323EE /* Preview Content */,
			);
			path = MangaHub;
			sourceTree = "<group>";
		};
		193131962C409302007323EE /* Preview Content */ = {
			isa = PBXGroup;
			children = (
				193131972C409302007323EE /* Preview Assets.xcassets */,
				193131A82C4093DD007323EE /* MangaPreview.swift */,
				193131AA2C4093F4007323EE /* PreviewInteractor.swift */,
				193131AC2C409477007323EE /* MangasPreview.json */,
			);
			path = "Preview Content";
			sourceTree = "<group>";
		};
		1931319E2C40938B007323EE /* Resources */ = {
			isa = PBXGroup;
			children = (
				193131942C409302007323EE /* Assets.xcassets */,
			);
			name = Resources;
			sourceTree = "<group>";
		};
		1931319F2C409390007323EE /* Extensions */ = {
			isa = PBXGroup;
			children = (
				193131AE2C40950F007323EE /* DataFormatter.swift */,
				193131B02C40951D007323EE /* MangaButtons.swift */,
				193131B22C40952C007323EE /* MangaColors.swift */,
			);
			name = Extensions;
			sourceTree = "<group>";
		};
		193131A12C409395007323EE /* Model */ = {
			isa = PBXGroup;
			children = (
				193131B42C409542007323EE /* MangaModelDTO.swift */,
				193131B62C40954B007323EE /* Manga.swift */,
			);
			name = Model;
			sourceTree = "<group>";
		};
		193131A22C40939D007323EE /* Interactors */ = {
			isa = PBXGroup;
			children = (
				193131B92C409564007323EE /* Persistence */,
				193131B82C40955E007323EE /* Network */,
			);
			name = Interactors;
			sourceTree = "<group>";
		};
		193131A32C4093A1007323EE /* ViewModels */ = {
			isa = PBXGroup;
			children = (
				193131C42C4095D8007323EE /* ListViewModel.swift */,
				193131C62C4095E8007323EE /* DetailViewModel.swift */,
				193131C82C409603007323EE /* CategoriesViewModel.swift */,
				193131CA2C40961D007323EE /* ListFavoritesViewModel.swift */,
				193131CC2C40962E007323EE /* DetailFavoriteViewModel.swift */,
			);
			name = ViewModels;
			sourceTree = "<group>";
		};
		193131A42C4093A4007323EE /* Views */ = {
			isa = PBXGroup;
			children = (
				193131F62C409CE0007323EE /* MainTabItemView.swift */,
				193131D22C409693007323EE /* Home Tab */,
				193131D12C409691007323EE /* Categories Tab */,
				193131D02C40968F007323EE /* Favorites Tab */,
				193131CF2C40968C007323EE /* Onboarding */,
				193131CE2C409689007323EE /* Components */,
			);
			name = Views;
			sourceTree = "<group>";
		};
		193131A52C4093A6007323EE /* System */ = {
			isa = PBXGroup;
			children = (
				193131902C409301007323EE /* MangaHubApp.swift */,
			);
			name = System;
			sourceTree = "<group>";
		};
		193131B82C40955E007323EE /* Network */ = {
			isa = PBXGroup;
			children = (
				193131BA2C409574007323EE /* NetworkInteractor.swift */,
				193131C02C4095AE007323EE /* JsonDecoder.swift */,
				193131BE2C4095A1007323EE /* URL's.swift */,
				193131C22C4095BA007323EE /* URLQueryItem.swift */,
			);
			name = Network;
			sourceTree = "<group>";
		};
		193131B92C409564007323EE /* Persistence */ = {
			isa = PBXGroup;
			children = (
				193131BC2C409587007323EE /* PersistenceInteractor.swift */,
			);
			name = Persistence;
			sourceTree = "<group>";
		};
		193131CE2C409689007323EE /* Components */ = {
			isa = PBXGroup;
			children = (
				193131D32C4096F7007323EE /* MangaCellView.swift */,
				193131D52C40970A007323EE /* MangaPosterView.swift */,
				193131D72C40971C007323EE /* MangaScoreView.swift */,
				193131D92C409730007323EE /* LaunchScreenView.swift */,
				19BDF91F2C45A4FE00EFA3AB /* MangaUnavailableView.swift */,
				1954FD5E2C488DF3000E8DE0 /* FilterDetailView.swift */,
				1954FD642C49FB0A000E8DE0 /* CustomGaugeView.swift */,
				1941DB722C4C2874001C81F0 /* DetailsSectionView.swift */,
			);
			name = Components;
			sourceTree = "<group>";
		};
		193131CF2C40968C007323EE /* Onboarding */ = {
			isa = PBXGroup;
			children = (
				195C892C2C42E3370063BB9B /* OnboardingView.swift */,
				19BDF9252C45F00900EFA3AB /* PageView.swift */,
				19BDF9232C45EFEA00EFA3AB /* Page.swift */,
			);
			name = Onboarding;
			sourceTree = "<group>";
		};
		193131D02C40968F007323EE /* Favorites Tab */ = {
			isa = PBXGroup;
			children = (
				193131E32C40980F007323EE /* FavoriteMangasListView.swift */,
				193131E52C409820007323EE /* FavoriteMangaDetailView.swift */,
				193131E72C409833007323EE /* PurchasedVolumesView.swift */,
			);
			name = "Favorites Tab";
			sourceTree = "<group>";
		};
		193131D12C409691007323EE /* Categories Tab */ = {
			isa = PBXGroup;
			children = (
				193131E92C40986F007323EE /* CategoriesListView.swift */,
				193131EB2C40987E007323EE /* MangasByCategoryView.swift */,
			);
			name = "Categories Tab";
			sourceTree = "<group>";
		};
		193131D22C409693007323EE /* Home Tab */ = {
			isa = PBXGroup;
			children = (
				193131ED2C409897007323EE /* MangasListView.swift */,
				193131EF2C4098A5007323EE /* MangaDetailView.swift */,
				193131F22C4098C7007323EE /* MangasByAuthorView.swift */,
			);
			name = "Home Tab";
			sourceTree = "<group>";
		};
/* End PBXGroup section */

/* Begin PBXNativeTarget section */
		1931318C2C409301007323EE /* MangaHub */ = {
			isa = PBXNativeTarget;
			buildConfigurationList = 1931319B2C409302007323EE /* Build configuration list for PBXNativeTarget "MangaHub" */;
			buildPhases = (
				193131892C409301007323EE /* Sources */,
				1931318A2C409301007323EE /* Frameworks */,
				1931318B2C409301007323EE /* Resources */,
			);
			buildRules = (
			);
			dependencies = (
			);
			name = MangaHub;
			productName = MangaHub;
			productReference = 1931318D2C409301007323EE /* MangaHub.app */;
			productType = "com.apple.product-type.application";
		};
/* End PBXNativeTarget section */

/* Begin PBXProject section */
		193131852C409301007323EE /* Project object */ = {
			isa = PBXProject;
			attributes = {
				BuildIndependentTargetsInParallel = 1;
				LastSwiftUpdateCheck = 1540;
				LastUpgradeCheck = 1540;
				TargetAttributes = {
					1931318C2C409301007323EE = {
						CreatedOnToolsVersion = 15.4;
					};
				};
			};
			buildConfigurationList = 193131882C409301007323EE /* Build configuration list for PBXProject "MangaHub" */;
			compatibilityVersion = "Xcode 14.0";
			developmentRegion = en;
			hasScannedForEncodings = 0;
			knownRegions = (
				en,
				Base,
			);
			mainGroup = 193131842C409301007323EE;
			productRefGroup = 1931318E2C409301007323EE /* Products */;
			projectDirPath = "";
			projectRoot = "";
			targets = (
				1931318C2C409301007323EE /* MangaHub */,
			);
		};
/* End PBXProject section */

/* Begin PBXResourcesBuildPhase section */
		1931318B2C409301007323EE /* Resources */ = {
			isa = PBXResourcesBuildPhase;
			buildActionMask = 2147483647;
			files = (
				193131982C409302007323EE /* Preview Assets.xcassets in Resources */,
				193131AD2C409477007323EE /* MangasPreview.json in Resources */,
				193131952C409302007323EE /* Assets.xcassets in Resources */,
			);
			runOnlyForDeploymentPostprocessing = 0;
		};
/* End PBXResourcesBuildPhase section */

/* Begin PBXSourcesBuildPhase section */
		193131892C409301007323EE /* Sources */ = {
			isa = PBXSourcesBuildPhase;
			buildActionMask = 2147483647;
			files = (
				193131AB2C4093F4007323EE /* PreviewInteractor.swift in Sources */,
				193131CD2C40962E007323EE /* DetailFavoriteViewModel.swift in Sources */,
				193131E62C409820007323EE /* FavoriteMangaDetailView.swift in Sources */,
				193131C92C409603007323EE /* CategoriesViewModel.swift in Sources */,
				193131AF2C40950F007323EE /* DataFormatter.swift in Sources */,
				193131BD2C409587007323EE /* PersistenceInteractor.swift in Sources */,
				193131F02C4098A5007323EE /* MangaDetailView.swift in Sources */,
				193131D42C4096F7007323EE /* MangaCellView.swift in Sources */,
				193131B72C40954B007323EE /* Manga.swift in Sources */,
				1954FD5F2C488DF3000E8DE0 /* FilterDetailView.swift in Sources */,
				193131F32C4098C7007323EE /* MangasByAuthorView.swift in Sources */,
				1941DB732C4C2874001C81F0 /* DetailsSectionView.swift in Sources */,
				193131CB2C40961D007323EE /* ListFavoritesViewModel.swift in Sources */,
				193131B52C409542007323EE /* MangaModelDTO.swift in Sources */,
				193131B32C40952C007323EE /* MangaColors.swift in Sources */,
				193131DA2C409730007323EE /* LaunchScreenView.swift in Sources */,
				19BDF9202C45A4FE00EFA3AB /* MangaUnavailableView.swift in Sources */,
				193131C12C4095AE007323EE /* JsonDecoder.swift in Sources */,
				193131C72C4095E8007323EE /* DetailViewModel.swift in Sources */,
				193131A92C4093DE007323EE /* MangaPreview.swift in Sources */,
				193131C32C4095BA007323EE /* URLQueryItem.swift in Sources */,
				193131EE2C409897007323EE /* MangasListView.swift in Sources */,
				19BDF9262C45F00900EFA3AB /* PageView.swift in Sources */,
				193131EA2C40986F007323EE /* CategoriesListView.swift in Sources */,
				193131B12C40951D007323EE /* MangaButtons.swift in Sources */,
				19BDF9242C45EFEA00EFA3AB /* Page.swift in Sources */,
				193131C52C4095D8007323EE /* ListViewModel.swift in Sources */,
				193131D62C40970A007323EE /* MangaPosterView.swift in Sources */,
				193131E82C409833007323EE /* PurchasedVolumesView.swift in Sources */,
				193131EC2C40987E007323EE /* MangasByCategoryView.swift in Sources */,
				193131912C409301007323EE /* MangaHubApp.swift in Sources */,
				1954FD652C49FB0A000E8DE0 /* CustomGaugeView.swift in Sources */,
				193131E42C40980F007323EE /* FavoriteMangasListView.swift in Sources */,
				193131BB2C409574007323EE /* NetworkInteractor.swift in Sources */,
				193131D82C40971C007323EE /* MangaScoreView.swift in Sources */,
				193131BF2C4095A1007323EE /* URL's.swift in Sources */,
				195C892D2C42E3370063BB9B /* OnboardingView.swift in Sources */,
				193131F72C409CE0007323EE /* MainTabItemView.swift in Sources */,
			);
			runOnlyForDeploymentPostprocessing = 0;
		};
/* End PBXSourcesBuildPhase section */

/* Begin XCBuildConfiguration section */
		193131992C409302007323EE /* Debug */ = {
			isa = XCBuildConfiguration;
			buildSettings = {
				ALWAYS_SEARCH_USER_PATHS = NO;
				ASSETCATALOG_COMPILER_GENERATE_SWIFT_ASSET_SYMBOL_EXTENSIONS = YES;
				CLANG_ANALYZER_NONNULL = YES;
				CLANG_ANALYZER_NUMBER_OBJECT_CONVERSION = YES_AGGRESSIVE;
				CLANG_CXX_LANGUAGE_STANDARD = "gnu++20";
				CLANG_ENABLE_MODULES = YES;
				CLANG_ENABLE_OBJC_ARC = YES;
				CLANG_ENABLE_OBJC_WEAK = YES;
				CLANG_WARN_BLOCK_CAPTURE_AUTORELEASING = YES;
				CLANG_WARN_BOOL_CONVERSION = YES;
				CLANG_WARN_COMMA = YES;
				CLANG_WARN_CONSTANT_CONVERSION = YES;
				CLANG_WARN_DEPRECATED_OBJC_IMPLEMENTATIONS = YES;
				CLANG_WARN_DIRECT_OBJC_ISA_USAGE = YES_ERROR;
				CLANG_WARN_DOCUMENTATION_COMMENTS = YES;
				CLANG_WARN_EMPTY_BODY = YES;
				CLANG_WARN_ENUM_CONVERSION = YES;
				CLANG_WARN_INFINITE_RECURSION = YES;
				CLANG_WARN_INT_CONVERSION = YES;
				CLANG_WARN_NON_LITERAL_NULL_CONVERSION = YES;
				CLANG_WARN_OBJC_IMPLICIT_RETAIN_SELF = YES;
				CLANG_WARN_OBJC_LITERAL_CONVERSION = YES;
				CLANG_WARN_OBJC_ROOT_CLASS = YES_ERROR;
				CLANG_WARN_QUOTED_INCLUDE_IN_FRAMEWORK_HEADER = YES;
				CLANG_WARN_RANGE_LOOP_ANALYSIS = YES;
				CLANG_WARN_STRICT_PROTOTYPES = YES;
				CLANG_WARN_SUSPICIOUS_MOVE = YES;
				CLANG_WARN_UNGUARDED_AVAILABILITY = YES_AGGRESSIVE;
				CLANG_WARN_UNREACHABLE_CODE = YES;
				CLANG_WARN__DUPLICATE_METHOD_MATCH = YES;
				COPY_PHASE_STRIP = NO;
				DEBUG_INFORMATION_FORMAT = dwarf;
				ENABLE_STRICT_OBJC_MSGSEND = YES;
				ENABLE_TESTABILITY = YES;
				ENABLE_USER_SCRIPT_SANDBOXING = YES;
				GCC_C_LANGUAGE_STANDARD = gnu17;
				GCC_DYNAMIC_NO_PIC = NO;
				GCC_NO_COMMON_BLOCKS = YES;
				GCC_OPTIMIZATION_LEVEL = 0;
				GCC_PREPROCESSOR_DEFINITIONS = (
					"DEBUG=1",
					"$(inherited)",
				);
				GCC_WARN_64_TO_32_BIT_CONVERSION = YES;
				GCC_WARN_ABOUT_RETURN_TYPE = YES_ERROR;
				GCC_WARN_UNDECLARED_SELECTOR = YES;
				GCC_WARN_UNINITIALIZED_AUTOS = YES_AGGRESSIVE;
				GCC_WARN_UNUSED_FUNCTION = YES;
				GCC_WARN_UNUSED_VARIABLE = YES;
				IPHONEOS_DEPLOYMENT_TARGET = 17.5;
				LOCALIZATION_PREFERS_STRING_CATALOGS = YES;
				MTL_ENABLE_DEBUG_INFO = INCLUDE_SOURCE;
				MTL_FAST_MATH = YES;
				ONLY_ACTIVE_ARCH = YES;
				SDKROOT = iphoneos;
				SWIFT_ACTIVE_COMPILATION_CONDITIONS = "DEBUG $(inherited)";
				SWIFT_OPTIMIZATION_LEVEL = "-Onone";
			};
			name = Debug;
		};
		1931319A2C409302007323EE /* Release */ = {
			isa = XCBuildConfiguration;
			buildSettings = {
				ALWAYS_SEARCH_USER_PATHS = NO;
				ASSETCATALOG_COMPILER_GENERATE_SWIFT_ASSET_SYMBOL_EXTENSIONS = YES;
				CLANG_ANALYZER_NONNULL = YES;
				CLANG_ANALYZER_NUMBER_OBJECT_CONVERSION = YES_AGGRESSIVE;
				CLANG_CXX_LANGUAGE_STANDARD = "gnu++20";
				CLANG_ENABLE_MODULES = YES;
				CLANG_ENABLE_OBJC_ARC = YES;
				CLANG_ENABLE_OBJC_WEAK = YES;
				CLANG_WARN_BLOCK_CAPTURE_AUTORELEASING = YES;
				CLANG_WARN_BOOL_CONVERSION = YES;
				CLANG_WARN_COMMA = YES;
				CLANG_WARN_CONSTANT_CONVERSION = YES;
				CLANG_WARN_DEPRECATED_OBJC_IMPLEMENTATIONS = YES;
				CLANG_WARN_DIRECT_OBJC_ISA_USAGE = YES_ERROR;
				CLANG_WARN_DOCUMENTATION_COMMENTS = YES;
				CLANG_WARN_EMPTY_BODY = YES;
				CLANG_WARN_ENUM_CONVERSION = YES;
				CLANG_WARN_INFINITE_RECURSION = YES;
				CLANG_WARN_INT_CONVERSION = YES;
				CLANG_WARN_NON_LITERAL_NULL_CONVERSION = YES;
				CLANG_WARN_OBJC_IMPLICIT_RETAIN_SELF = YES;
				CLANG_WARN_OBJC_LITERAL_CONVERSION = YES;
				CLANG_WARN_OBJC_ROOT_CLASS = YES_ERROR;
				CLANG_WARN_QUOTED_INCLUDE_IN_FRAMEWORK_HEADER = YES;
				CLANG_WARN_RANGE_LOOP_ANALYSIS = YES;
				CLANG_WARN_STRICT_PROTOTYPES = YES;
				CLANG_WARN_SUSPICIOUS_MOVE = YES;
				CLANG_WARN_UNGUARDED_AVAILABILITY = YES_AGGRESSIVE;
				CLANG_WARN_UNREACHABLE_CODE = YES;
				CLANG_WARN__DUPLICATE_METHOD_MATCH = YES;
				COPY_PHASE_STRIP = NO;
				DEBUG_INFORMATION_FORMAT = "dwarf-with-dsym";
				ENABLE_NS_ASSERTIONS = NO;
				ENABLE_STRICT_OBJC_MSGSEND = YES;
				ENABLE_USER_SCRIPT_SANDBOXING = YES;
				GCC_C_LANGUAGE_STANDARD = gnu17;
				GCC_NO_COMMON_BLOCKS = YES;
				GCC_WARN_64_TO_32_BIT_CONVERSION = YES;
				GCC_WARN_ABOUT_RETURN_TYPE = YES_ERROR;
				GCC_WARN_UNDECLARED_SELECTOR = YES;
				GCC_WARN_UNINITIALIZED_AUTOS = YES_AGGRESSIVE;
				GCC_WARN_UNUSED_FUNCTION = YES;
				GCC_WARN_UNUSED_VARIABLE = YES;
				IPHONEOS_DEPLOYMENT_TARGET = 17.5;
				LOCALIZATION_PREFERS_STRING_CATALOGS = YES;
				MTL_ENABLE_DEBUG_INFO = NO;
				MTL_FAST_MATH = YES;
				SDKROOT = iphoneos;
				SWIFT_COMPILATION_MODE = wholemodule;
				VALIDATE_PRODUCT = YES;
			};
			name = Release;
		};
		1931319C2C409302007323EE /* Debug */ = {
			isa = XCBuildConfiguration;
			buildSettings = {
				ASSETCATALOG_COMPILER_APPICON_NAME = AppIcon;
				ASSETCATALOG_COMPILER_GLOBAL_ACCENT_COLOR_NAME = AccentColor;
				CODE_SIGN_STYLE = Automatic;
				CURRENT_PROJECT_VERSION = 1;
				DEVELOPMENT_ASSET_PATHS = "\"MangaHub/Preview Content\"";
				DEVELOPMENT_TEAM = 7NJRQXBV4U;
				ENABLE_PREVIEWS = YES;
				GENERATE_INFOPLIST_FILE = YES;
				INFOPLIST_KEY_UIApplicationSceneManifest_Generation = YES;
				INFOPLIST_KEY_UIApplicationSupportsIndirectInputEvents = YES;
				INFOPLIST_KEY_UILaunchScreen_Generation = YES;
				INFOPLIST_KEY_UISupportedInterfaceOrientations_iPad = "UIInterfaceOrientationPortrait UIInterfaceOrientationPortraitUpsideDown UIInterfaceOrientationLandscapeLeft UIInterfaceOrientationLandscapeRight";
				INFOPLIST_KEY_UISupportedInterfaceOrientations_iPhone = "UIInterfaceOrientationPortrait UIInterfaceOrientationLandscapeLeft UIInterfaceOrientationLandscapeRight";
				LD_RUNPATH_SEARCH_PATHS = (
					"$(inherited)",
					"@executable_path/Frameworks",
				);
				MARKETING_VERSION = 1.0;
				PRODUCT_BUNDLE_IDENTIFIER = com.sebastiandev.MangaHub;
				PRODUCT_NAME = "$(TARGET_NAME)";
				SWIFT_EMIT_LOC_STRINGS = YES;
				SWIFT_VERSION = 5.0;
				TARGETED_DEVICE_FAMILY = "1,2";
			};
			name = Debug;
		};
		1931319D2C409302007323EE /* Release */ = {
			isa = XCBuildConfiguration;
			buildSettings = {
				ASSETCATALOG_COMPILER_APPICON_NAME = AppIcon;
				ASSETCATALOG_COMPILER_GLOBAL_ACCENT_COLOR_NAME = AccentColor;
				CODE_SIGN_STYLE = Automatic;
				CURRENT_PROJECT_VERSION = 1;
				DEVELOPMENT_ASSET_PATHS = "\"MangaHub/Preview Content\"";
				DEVELOPMENT_TEAM = 7NJRQXBV4U;
				ENABLE_PREVIEWS = YES;
				GENERATE_INFOPLIST_FILE = YES;
				INFOPLIST_KEY_UIApplicationSceneManifest_Generation = YES;
				INFOPLIST_KEY_UIApplicationSupportsIndirectInputEvents = YES;
				INFOPLIST_KEY_UILaunchScreen_Generation = YES;
				INFOPLIST_KEY_UISupportedInterfaceOrientations_iPad = "UIInterfaceOrientationPortrait UIInterfaceOrientationPortraitUpsideDown UIInterfaceOrientationLandscapeLeft UIInterfaceOrientationLandscapeRight";
				INFOPLIST_KEY_UISupportedInterfaceOrientations_iPhone = "UIInterfaceOrientationPortrait UIInterfaceOrientationLandscapeLeft UIInterfaceOrientationLandscapeRight";
				LD_RUNPATH_SEARCH_PATHS = (
					"$(inherited)",
					"@executable_path/Frameworks",
				);
				MARKETING_VERSION = 1.0;
				PRODUCT_BUNDLE_IDENTIFIER = com.sebastiandev.MangaHub;
				PRODUCT_NAME = "$(TARGET_NAME)";
				SWIFT_EMIT_LOC_STRINGS = YES;
				SWIFT_VERSION = 5.0;
				TARGETED_DEVICE_FAMILY = "1,2";
			};
			name = Release;
		};
/* End XCBuildConfiguration section */

/* Begin XCConfigurationList section */
		193131882C409301007323EE /* Build configuration list for PBXProject "MangaHub" */ = {
			isa = XCConfigurationList;
			buildConfigurations = (
				193131992C409302007323EE /* Debug */,
				1931319A2C409302007323EE /* Release */,
			);
			defaultConfigurationIsVisible = 0;
			defaultConfigurationName = Release;
		};
		1931319B2C409302007323EE /* Build configuration list for PBXNativeTarget "MangaHub" */ = {
			isa = XCConfigurationList;
			buildConfigurations = (
				1931319C2C409302007323EE /* Debug */,
				1931319D2C409302007323EE /* Release */,
			);
			defaultConfigurationIsVisible = 0;
			defaultConfigurationName = Release;
		};
/* End XCConfigurationList section */
	};
	rootObject = 193131852C409301007323EE /* Project object */;
}
